
Microsoft Visual Studio Solution File, Format Version 12.00
# Visual Studio 14
VisualStudioVersion = 14.0.25420.1
MinimumVisualStudioVersion = 10.0.40219.1
Project("{FAE04EC0-301F-11D3-BF4B-00C04F79EFBC}") = "SparrowHawk", "src\SparrowHawk.csproj", "{3E46E3C0-0DF4-4C9D-AF60-8225AE191B76}"
EndProject
Project("{FAE04EC0-301F-11D3-BF4B-00C04F79EFBC}") = "STL", "ext\STLdotNet\Source\STL\STL.csproj", "{F32F3151-1595-4211-A01E-2F7BEB34F88D}"
EndProject
Project("{FAE04EC0-301F-11D3-BF4B-00C04F79EFBC}") = "CjClutter.ObjLoader.Loader", "ext\ObjLoader\source\CjClutter.ObjLoader.Loader\CjClutter.ObjLoader.Loader.csproj", "{1FD37682-98D6-442F-8E15-646247C690DC}"
EndProject
Global
	GlobalSection(SolutionConfigurationPlatforms) = preSolution
		AppDebug64|Any CPU = AppDebug64|Any CPU
		AppDebug64|x86 = AppDebug64|x86
		Debug|Any CPU = Debug|Any CPU
		Debug|x86 = Debug|x86
		Debug32|Any CPU = Debug32|Any CPU
		Debug32|x86 = Debug32|x86
		Debug64|Any CPU = Debug64|Any CPU
		Debug64|x86 = Debug64|x86
		Release|Any CPU = Release|Any CPU
		Release|x86 = Release|x86
	EndGlobalSection
	GlobalSection(ProjectConfigurationPlatforms) = postSolution
		{3E46E3C0-0DF4-4C9D-AF60-8225AE191B76}.AppDebug64|Any CPU.ActiveCfg = AppDebug64|Any CPU
		{3E46E3C0-0DF4-4C9D-AF60-8225AE191B76}.AppDebug64|Any CPU.Build.0 = AppDebug64|Any CPU
		{3E46E3C0-0DF4-4C9D-AF60-8225AE191B76}.AppDebug64|x86.ActiveCfg = AppDebug64|Any CPU
		{3E46E3C0-0DF4-4C9D-AF60-8225AE191B76}.AppDebug64|x86.Build.0 = AppDebug64|Any CPU
		{3E46E3C0-0DF4-4C9D-AF60-8225AE191B76}.Debug|Any CPU.ActiveCfg = AppDebug64|Any CPU
		{3E46E3C0-0DF4-4C9D-AF60-8225AE191B76}.Debug|Any CPU.Build.0 = AppDebug64|Any CPU
		{3E46E3C0-0DF4-4C9D-AF60-8225AE191B76}.Debug|x86.ActiveCfg = AppDebug64|Any CPU
		{3E46E3C0-0DF4-4C9D-AF60-8225AE191B76}.Debug|x86.Build.0 = AppDebug64|Any CPU
		{3E46E3C0-0DF4-4C9D-AF60-8225AE191B76}.Debug32|Any CPU.ActiveCfg = Debug32|Any CPU
		{3E46E3C0-0DF4-4C9D-AF60-8225AE191B76}.Debug32|Any CPU.Build.0 = Debug32|Any CPU
		{3E46E3C0-0DF4-4C9D-AF60-8225AE191B76}.Debug32|x86.ActiveCfg = Debug32|Any CPU
		{3E46E3C0-0DF4-4C9D-AF60-8225AE191B76}.Debug32|x86.Build.0 = Debug32|Any CPU
		{3E46E3C0-0DF4-4C9D-AF60-8225AE191B76}.Debug64|Any CPU.ActiveCfg = Debug64|Any CPU
		{3E46E3C0-0DF4-4C9D-AF60-8225AE191B76}.Debug64|Any CPU.Build.0 = Debug64|Any CPU
		{3E46E3C0-0DF4-4C9D-AF60-8225AE191B76}.Debug64|x86.ActiveCfg = Debug64|Any CPU
		{3E46E3C0-0DF4-4C9D-AF60-8225AE191B76}.Debug64|x86.Build.0 = Debug64|Any CPU
		{3E46E3C0-0DF4-4C9D-AF60-8225AE191B76}.Release|Any CPU.ActiveCfg = Release|Any CPU
		{3E46E3C0-0DF4-4C9D-AF60-8225AE191B76}.Release|Any CPU.Build.0 = Release|Any CPU
		{3E46E3C0-0DF4-4C9D-AF60-8225AE191B76}.Release|x86.ActiveCfg = Release|Any CPU
		{3E46E3C0-0DF4-4C9D-AF60-8225AE191B76}.Release|x86.Build.0 = Release|Any CPU
		{F32F3151-1595-4211-A01E-2F7BEB34F88D}.AppDebug64|Any CPU.ActiveCfg = Debug|Any CPU
		{F32F3151-1595-4211-A01E-2F7BEB34F88D}.AppDebug64|Any CPU.Build.0 = Debug|Any CPU
		{F32F3151-1595-4211-A01E-2F7BEB34F88D}.AppDebug64|x86.ActiveCfg = Debug|Any CPU
		{F32F3151-1595-4211-A01E-2F7BEB34F88D}.AppDebug64|x86.Build.0 = Debug|Any CPU
		{F32F3151-1595-4211-A01E-2F7BEB34F88D}.Debug|Any CPU.ActiveCfg = Debug|Any CPU
		{F32F3151-1595-4211-A01E-2F7BEB34F88D}.Debug|Any CPU.Build.0 = Debug|Any CPU
		{F32F3151-1595-4211-A01E-2F7BEB34F88D}.Debug|x86.ActiveCfg = Debug|Any CPU
		{F32F3151-1595-4211-A01E-2F7BEB34F88D}.Debug|x86.Build.0 = Debug|Any CPU
		{F32F3151-1595-4211-A01E-2F7BEB34F88D}.Debug32|Any CPU.ActiveCfg = Debug|Any CPU
		{F32F3151-1595-4211-A01E-2F7BEB34F88D}.Debug32|Any CPU.Build.0 = Debug|Any CPU
		{F32F3151-1595-4211-A01E-2F7BEB34F88D}.Debug32|x86.ActiveCfg = Debug|Any CPU
		{F32F3151-1595-4211-A01E-2F7BEB34F88D}.Debug32|x86.Build.0 = Debug|Any CPU
		{F32F3151-1595-4211-A01E-2F7BEB34F88D}.Debug64|Any CPU.ActiveCfg = Debug|Any CPU
		{F32F3151-1595-4211-A01E-2F7BEB34F88D}.Debug64|Any CPU.Build.0 = Debug|Any CPU
		{F32F3151-1595-4211-A01E-2F7BEB34F88D}.Debug64|x86.ActiveCfg = Debug|Any CPU
		{F32F3151-1595-4211-A01E-2F7BEB34F88D}.Debug64|x86.Build.0 = Debug|Any CPU
		{F32F3151-1595-4211-A01E-2F7BEB34F88D}.Release|Any CPU.ActiveCfg = Release|Any CPU
		{F32F3151-1595-4211-A01E-2F7BEB34F88D}.Release|Any CPU.Build.0 = Release|Any CPU
		{F32F3151-1595-4211-A01E-2F7BEB34F88D}.Release|x86.ActiveCfg = Release|Any CPU
		{F32F3151-1595-4211-A01E-2F7BEB34F88D}.Release|x86.Build.0 = Release|Any CPU
		{1FD37682-98D6-442F-8E15-646247C690DC}.AppDebug64|Any CPU.ActiveCfg = Debug|Any CPU
		{1FD37682-98D6-442F-8E15-646247C690DC}.AppDebug64|Any CPU.Build.0 = Debug|Any CPU
		{1FD37682-98D6-442F-8E15-646247C690DC}.AppDebug64|x86.ActiveCfg = Debug|x86
		{1FD37682-98D6-442F-8E15-646247C690DC}.AppDebug64|x86.Build.0 = Debug|x86
		{1FD37682-98D6-442F-8E15-646247C690DC}.Debug|Any CPU.ActiveCfg = Debug|Any CPU
		{1FD37682-98D6-442F-8E15-646247C690DC}.Debug|Any CPU.Build.0 = Debug|Any CPU
		{1FD37682-98D6-442F-8E15-646247C690DC}.Debug|x86.ActiveCfg = Debug|x86
		{1FD37682-98D6-442F-8E15-646247C690DC}.Debug|x86.Build.0 = Debug|x86
		{1FD37682-98D6-442F-8E15-646247C690DC}.Debug32|Any CPU.ActiveCfg = Debug|Any CPU
		{1FD37682-98D6-442F-8E15-646247C690DC}.Debug32|Any CPU.Build.0 = Debug|Any CPU
		{1FD37682-98D6-442F-8E15-646247C690DC}.Debug32|x86.ActiveCfg = Debug|x86
		{1FD37682-98D6-442F-8E15-646247C690DC}.Debug32|x86.Build.0 = Debug|x86
		{1FD37682-98D6-442F-8E15-646247C690DC}.Debug64|Any CPU.ActiveCfg = Debug|Any CPU
		{1FD37682-98D6-442F-8E15-646247C690DC}.Debug64|Any CPU.Build.0 = Debug|Any CPU
		{1FD37682-98D6-442F-8E15-646247C690DC}.Debug64|x86.ActiveCfg = Debug|x86
		{1FD37682-98D6-442F-8E15-646247C690DC}.Debug64|x86.Build.0 = Debug|x86
		{1FD37682-98D6-442F-8E15-646247C690DC}.Release|Any CPU.ActiveCfg = Release|Any CPU
		{1FD37682-98D6-442F-8E15-646247C690DC}.Release|Any CPU.Build.0 = Release|Any CPU
		{1FD37682-98D6-442F-8E15-646247C690DC}.Release|x86.ActiveCfg = Release|x86
		{1FD37682-98D6-442F-8E15-646247C690DC}.Release|x86.Build.0 = Release|x86
	EndGlobalSection
	GlobalSection(SolutionProperties) = preSolution
		HideSolutionNode = FALSE
	EndGlobalSection
EndGlobal
